
Microsoft Visual Studio Solution File, Format Version 12.00
# Visual Studio Version 16
VisualStudioVersion = 25.0.1706.10
MinimumVisualStudioVersion = 10.0.40219.1
Project("{FAE04EC0-301F-11D3-BF4B-00C04F79EFBC}") = "FinanceTrackerApi", "FinanceTrackerApi\FinanceTrackerApi.csproj", "{89E4C144-CF0A-41DA-9126-CD77805B3365}"
EndProject
Project("{2150E333-8FDC-42A3-9474-1A3956D46DE8}") = "Solution Items", "Solution Items", "{4811DA89-1B9F-4F46-A678-DE9972F90532}"
	ProjectSection(SolutionItems) = preProject
		.editorconfig = .editorconfig
	EndProjectSection
EndProject
Global
	GlobalSection(SolutionConfigurationPlatforms) = preSolution
		Debug|Any CPU = Debug|Any CPU
		Release|Any CPU = Release|Any CPU
	EndGlobalSection
	GlobalSection(ProjectConfigurationPlatforms) = postSolution
		{89E4C144-CF0A-41DA-9126-CD77805B3365}.Debug|Any CPU.ActiveCfg = Debug|Any CPU
		{89E4C144-CF0A-41DA-9126-CD77805B3365}.Debug|Any CPU.Build.0 = Debug|Any CPU
		{89E4C144-CF0A-41DA-9126-CD77805B3365}.Release|Any CPU.ActiveCfg = Release|Any CPU
		{89E4C144-CF0A-41DA-9126-CD77805B3365}.Release|Any CPU.Build.0 = Release|Any CPU
	EndGlobalSection
	GlobalSection(SolutionProperties) = preSolution
		HideSolutionNode = FALSE
	EndGlobalSection
	GlobalSection(ExtensibilityGlobals) = postSolution
		SolutionGuid = {5DE798B3-19DE-47DD-A470-10DF114A2E86}
	EndGlobalSection
EndGlobal
